
Microsoft Visual Studio Solution File, Format Version 12.00
# Visual Studio 14
VisualStudioVersion = 14.0.23107.0
MinimumVisualStudioVersion = 10.0.40219.1
Project("{8BC9CEB8-8B4A-11D0-8D11-00A0C91BC942}") = "SPOJ Cpp Problems", "SPOJ Cpp Problems\SPOJ Cpp Problems.vcxproj", "{EFBA9023-3EA9-4A5F-B5E6-62DA69BEC704}"
EndProject
Global
	GlobalSection(SolutionConfigurationPlatforms) = preSolution
		Debug|x64 = Debug|x64
		Debug|x86 = Debug|x86
		Release|x64 = Release|x64
		Release|x86 = Release|x86
	EndGlobalSection
	GlobalSection(ProjectConfigurationPlatforms) = postSolution
		{EFBA9023-3EA9-4A5F-B5E6-62DA69BEC704}.Debug|x64.ActiveCfg = Debug|x64
		{EFBA9023-3EA9-4A5F-B5E6-62DA69BEC704}.Debug|x64.Build.0 = Debug|x64
		{EFBA9023-3EA9-4A5F-B5E6-62DA69BEC704}.Debug|x86.ActiveCfg = Debug|Win32
		{EFBA9023-3EA9-4A5F-B5E6-62DA69BEC704}.Debug|x86.Build.0 = Debug|Win32
		{EFBA9023-3EA9-4A5F-B5E6-62DA69BEC704}.Release|x64.ActiveCfg = Release|x64
		{EFBA9023-3EA9-4A5F-B5E6-62DA69BEC704}.Release|x64.Build.0 = Release|x64
		{EFBA9023-3EA9-4A5F-B5E6-62DA69BEC704}.Release|x86.ActiveCfg = Release|Win32
		{EFBA9023-3EA9-4A5F-B5E6-62DA69BEC704}.Release|x86.Build.0 = Release|Win32
	EndGlobalSection
	GlobalSection(SolutionProperties) = preSolution
		HideSolutionNode = FALSE
	EndGlobalSection
EndGlobal
